// !$*UTF8*$!
{
	archiveVersion = 1;
	classes = {
	};
	objectVersion = 52;
	objects = {

/* Begin PBXBuildFile section */
		363909392650588F007CB6B0 /* GameView.swift in Sources */ = {isa = PBXBuildFile; fileRef = 363909382650588F007CB6B0 /* GameView.swift */; };
		3639093B2650B2BF007CB6B0 /* SearchGame.swift in Sources */ = {isa = PBXBuildFile; fileRef = 3639093A2650B2BF007CB6B0 /* SearchGame.swift */; };
		3639093D265108EB007CB6B0 /* FavoritesView.swift in Sources */ = {isa = PBXBuildFile; fileRef = 3639093C265108EB007CB6B0 /* FavoritesView.swift */; };
		364458E02654D2100092CB37 /* ProfileView.swift in Sources */ = {isa = PBXBuildFile; fileRef = 364458DF2654D2100092CB37 /* ProfileView.swift */; };
		364458E22654D2CC0092CB37 /* EditProfileView.swift in Sources */ = {isa = PBXBuildFile; fileRef = 364458E12654D2CC0092CB37 /* EditProfileView.swift */; };
		364458E42654D5720092CB37 /* SaveData.swift in Sources */ = {isa = PBXBuildFile; fileRef = 364458E32654D5720092CB37 /* SaveData.swift */; };
		3654A652264E7302002EE640 /* Kingfisher in Frameworks */ = {isa = PBXBuildFile; productRef = 3654A651264E7302002EE640 /* Kingfisher */; };
		36567FED2658344800C7742C /* SUImagePickerView.swift in Sources */ = {isa = PBXBuildFile; fileRef = 36567FEC2658344800C7742C /* SUImagePickerView.swift */; };
		36B7CFE2264E5588004C19E5 /* GamesView.swift in Sources */ = {isa = PBXBuildFile; fileRef = 36B7CFE1264E5588004C19E5 /* GamesView.swift */; };
		36B7CFE5264E55DB004C19E5 /* Model.swift in Sources */ = {isa = PBXBuildFile; fileRef = 36B7CFE4264E55DB004C19E5 /* Model.swift */; };
		36B7CFE8264E5627004C19E5 /* ViewModel.swift in Sources */ = {isa = PBXBuildFile; fileRef = 36B7CFE7264E5627004C19E5 /* ViewModel.swift */; };
		36DBAC52264C8D6300996156 /* PlatziGameStreamApp.swift in Sources */ = {isa = PBXBuildFile; fileRef = 36DBAC51264C8D6300996156 /* PlatziGameStreamApp.swift */; };
		36DBAC54264C8D6300996156 /* ContentView.swift in Sources */ = {isa = PBXBuildFile; fileRef = 36DBAC53264C8D6300996156 /* ContentView.swift */; };
		36DBAC56264C8D6400996156 /* Assets.xcassets in Resources */ = {isa = PBXBuildFile; fileRef = 36DBAC55264C8D6400996156 /* Assets.xcassets */; };
		36DBAC59264C8D6400996156 /* Preview Assets.xcassets in Resources */ = {isa = PBXBuildFile; fileRef = 36DBAC58264C8D6400996156 /* Preview Assets.xcassets */; };
		36DE2C6F264E4CC600DCEF51 /* HomeView.swift in Sources */ = {isa = PBXBuildFile; fileRef = 36DE2C6E264E4CC600DCEF51 /* HomeView.swift */; };
/* End PBXBuildFile section */

/* Begin PBXFileReference section */
		363909382650588F007CB6B0 /* GameView.swift */ = {isa = PBXFileReference; lastKnownFileType = sourcecode.swift; path = GameView.swift; sourceTree = "<group>"; };
		3639093A2650B2BF007CB6B0 /* SearchGame.swift */ = {isa = PBXFileReference; lastKnownFileType = sourcecode.swift; path = SearchGame.swift; sourceTree = "<group>"; };
		3639093C265108EB007CB6B0 /* FavoritesView.swift */ = {isa = PBXFileReference; lastKnownFileType = sourcecode.swift; path = FavoritesView.swift; sourceTree = "<group>"; };
		364458DF2654D2100092CB37 /* ProfileView.swift */ = {isa = PBXFileReference; lastKnownFileType = sourcecode.swift; path = ProfileView.swift; sourceTree = "<group>"; };
		364458E12654D2CC0092CB37 /* EditProfileView.swift */ = {isa = PBXFileReference; lastKnownFileType = sourcecode.swift; path = EditProfileView.swift; sourceTree = "<group>"; };
		364458E32654D5720092CB37 /* SaveData.swift */ = {isa = PBXFileReference; lastKnownFileType = sourcecode.swift; path = SaveData.swift; sourceTree = "<group>"; };
		36567FEC2658344800C7742C /* SUImagePickerView.swift */ = {isa = PBXFileReference; fileEncoding = 4; lastKnownFileType = sourcecode.swift; path = SUImagePickerView.swift; sourceTree = "<group>"; };
		36B7CFE1264E5588004C19E5 /* GamesView.swift */ = {isa = PBXFileReference; lastKnownFileType = sourcecode.swift; path = GamesView.swift; sourceTree = "<group>"; };
		36B7CFE4264E55DB004C19E5 /* Model.swift */ = {isa = PBXFileReference; lastKnownFileType = sourcecode.swift; path = Model.swift; sourceTree = "<group>"; };
		36B7CFE7264E5627004C19E5 /* ViewModel.swift */ = {isa = PBXFileReference; lastKnownFileType = sourcecode.swift; path = ViewModel.swift; sourceTree = "<group>"; };
		36DBAC4E264C8D6300996156 /* PlatziGameStream.app */ = {isa = PBXFileReference; explicitFileType = wrapper.application; includeInIndex = 0; path = PlatziGameStream.app; sourceTree = BUILT_PRODUCTS_DIR; };
		36DBAC51264C8D6300996156 /* PlatziGameStreamApp.swift */ = {isa = PBXFileReference; lastKnownFileType = sourcecode.swift; path = PlatziGameStreamApp.swift; sourceTree = "<group>"; };
		36DBAC53264C8D6300996156 /* ContentView.swift */ = {isa = PBXFileReference; lastKnownFileType = sourcecode.swift; path = ContentView.swift; sourceTree = "<group>"; };
		36DBAC55264C8D6400996156 /* Assets.xcassets */ = {isa = PBXFileReference; lastKnownFileType = folder.assetcatalog; path = Assets.xcassets; sourceTree = "<group>"; };
		36DBAC58264C8D6400996156 /* Preview Assets.xcassets */ = {isa = PBXFileReference; lastKnownFileType = folder.assetcatalog; path = "Preview Assets.xcassets"; sourceTree = "<group>"; };
		36DBAC5A264C8D6400996156 /* Info.plist */ = {isa = PBXFileReference; lastKnownFileType = text.plist.xml; path = Info.plist; sourceTree = "<group>"; };
		36DE2C6E264E4CC600DCEF51 /* HomeView.swift */ = {isa = PBXFileReference; lastKnownFileType = sourcecode.swift; path = HomeView.swift; sourceTree = "<group>"; };
/* End PBXFileReference section */

/* Begin PBXFrameworksBuildPhase section */
		36DBAC4B264C8D6300996156 /* Frameworks */ = {
			isa = PBXFrameworksBuildPhase;
			buildActionMask = 2147483647;
			files = (
				3654A652264E7302002EE640 /* Kingfisher in Frameworks */,
			);
			runOnlyForDeploymentPostprocessing = 0;
		};
/* End PBXFrameworksBuildPhase section */

/* Begin PBXGroup section */
		36B7CFE3264E55BD004C19E5 /* Modelos */ = {
			isa = PBXGroup;
			children = (
				36B7CFE4264E55DB004C19E5 /* Model.swift */,
			);
			path = Modelos;
			sourceTree = "<group>";
		};
		36B7CFE6264E55EE004C19E5 /* VistasModelos */ = {
			isa = PBXGroup;
			children = (
				36B7CFE7264E5627004C19E5 /* ViewModel.swift */,
				3639093A2650B2BF007CB6B0 /* SearchGame.swift */,
				364458E32654D5720092CB37 /* SaveData.swift */,
				36567FEC2658344800C7742C /* SUImagePickerView.swift */,
			);
			path = VistasModelos;
			sourceTree = "<group>";
		};
		36DBAC45264C8D6300996156 = {
			isa = PBXGroup;
			children = (
				36DBAC50264C8D6300996156 /* PlatziGameStream */,
				36DBAC4F264C8D6300996156 /* Products */,
			);
			sourceTree = "<group>";
		};
		36DBAC4F264C8D6300996156 /* Products */ = {
			isa = PBXGroup;
			children = (
				36DBAC4E264C8D6300996156 /* PlatziGameStream.app */,
			);
			name = Products;
			sourceTree = "<group>";
		};
		36DBAC50264C8D6300996156 /* PlatziGameStream */ = {
			isa = PBXGroup;
			children = (
				36DBAC51264C8D6300996156 /* PlatziGameStreamApp.swift */,
				36B7CFE3264E55BD004C19E5 /* Modelos */,
				36DE2C6D264E4CA000DCEF51 /* Vistas */,
				36B7CFE6264E55EE004C19E5 /* VistasModelos */,
				36DBAC55264C8D6400996156 /* Assets.xcassets */,
				36DBAC5A264C8D6400996156 /* Info.plist */,
				36DBAC57264C8D6400996156 /* Preview Content */,
			);
			path = PlatziGameStream;
			sourceTree = "<group>";
		};
		36DBAC57264C8D6400996156 /* Preview Content */ = {
			isa = PBXGroup;
			children = (
				36DBAC58264C8D6400996156 /* Preview Assets.xcassets */,
			);
			path = "Preview Content";
			sourceTree = "<group>";
		};
		36DE2C6D264E4CA000DCEF51 /* Vistas */ = {
			isa = PBXGroup;
			children = (
				36DBAC53264C8D6300996156 /* ContentView.swift */,
				36DE2C6E264E4CC600DCEF51 /* HomeView.swift */,
				36B7CFE1264E5588004C19E5 /* GamesView.swift */,
				363909382650588F007CB6B0 /* GameView.swift */,
				3639093C265108EB007CB6B0 /* FavoritesView.swift */,
				364458DF2654D2100092CB37 /* ProfileView.swift */,
				364458E12654D2CC0092CB37 /* EditProfileView.swift */,
			);
			path = Vistas;
			sourceTree = "<group>";
		};
/* End PBXGroup section */

/* Begin PBXNativeTarget section */
		36DBAC4D264C8D6300996156 /* PlatziGameStream */ = {
			isa = PBXNativeTarget;
			buildConfigurationList = 36DBAC5D264C8D6400996156 /* Build configuration list for PBXNativeTarget "PlatziGameStream" */;
			buildPhases = (
				36DBAC4A264C8D6300996156 /* Sources */,
				36DBAC4B264C8D6300996156 /* Frameworks */,
				36DBAC4C264C8D6300996156 /* Resources */,
			);
			buildRules = (
			);
			dependencies = (
			);
			name = PlatziGameStream;
			packageProductDependencies = (
				3654A651264E7302002EE640 /* Kingfisher */,
			);
			productName = PlatziGameStream;
			productReference = 36DBAC4E264C8D6300996156 /* PlatziGameStream.app */;
			productType = "com.apple.product-type.application";
		};
/* End PBXNativeTarget section */

/* Begin PBXProject section */
		36DBAC46264C8D6300996156 /* Project object */ = {
			isa = PBXProject;
			attributes = {
				LastSwiftUpdateCheck = 1250;
				LastUpgradeCheck = 1250;
				TargetAttributes = {
					36DBAC4D264C8D6300996156 = {
						CreatedOnToolsVersion = 12.5;
					};
				};
			};
			buildConfigurationList = 36DBAC49264C8D6300996156 /* Build configuration list for PBXProject "PlatziGameStream" */;
			compatibilityVersion = "Xcode 9.3";
			developmentRegion = en;
			hasScannedForEncodings = 0;
			knownRegions = (
				en,
				Base,
			);
			mainGroup = 36DBAC45264C8D6300996156;
			packageReferences = (
				3654A650264E7302002EE640 /* XCRemoteSwiftPackageReference "Kingfisher" */,
			);
			productRefGroup = 36DBAC4F264C8D6300996156 /* Products */;
			projectDirPath = "";
			projectRoot = "";
			targets = (
				36DBAC4D264C8D6300996156 /* PlatziGameStream */,
			);
		};
/* End PBXProject section */

/* Begin PBXResourcesBuildPhase section */
		36DBAC4C264C8D6300996156 /* Resources */ = {
			isa = PBXResourcesBuildPhase;
			buildActionMask = 2147483647;
			files = (
				36DBAC59264C8D6400996156 /* Preview Assets.xcassets in Resources */,
				36DBAC56264C8D6400996156 /* Assets.xcassets in Resources */,
			);
			runOnlyForDeploymentPostprocessing = 0;
		};
/* End PBXResourcesBuildPhase section */

/* Begin PBXSourcesBuildPhase section */
		36DBAC4A264C8D6300996156 /* Sources */ = {
			isa = PBXSourcesBuildPhase;
			buildActionMask = 2147483647;
			files = (
				36B7CFE5264E55DB004C19E5 /* Model.swift in Sources */,
				36DE2C6F264E4CC600DCEF51 /* HomeView.swift in Sources */,
				364458E42654D5720092CB37 /* SaveData.swift in Sources */,
				364458E02654D2100092CB37 /* ProfileView.swift in Sources */,
				364458E22654D2CC0092CB37 /* EditProfileView.swift in Sources */,
				36567FED2658344800C7742C /* SUImagePickerView.swift in Sources */,
				36DBAC54264C8D6300996156 /* ContentView.swift in Sources */,
				3639093B2650B2BF007CB6B0 /* SearchGame.swift in Sources */,
				36B7CFE2264E5588004C19E5 /* GamesView.swift in Sources */,
				36B7CFE8264E5627004C19E5 /* ViewModel.swift in Sources */,
				36DBAC52264C8D6300996156 /* PlatziGameStreamApp.swift in Sources */,
				363909392650588F007CB6B0 /* GameView.swift in Sources */,
				3639093D265108EB007CB6B0 /* FavoritesView.swift in Sources */,
			);
			runOnlyForDeploymentPostprocessing = 0;
		};
/* End PBXSourcesBuildPhase section */

/* Begin XCBuildConfiguration section */
		36DBAC5B264C8D6400996156 /* Debug */ = {
			isa = XCBuildConfiguration;
			buildSettings = {
				ALWAYS_SEARCH_USER_PATHS = NO;
				CLANG_ANALYZER_NONNULL = YES;
				CLANG_ANALYZER_NUMBER_OBJECT_CONVERSION = YES_AGGRESSIVE;
				CLANG_CXX_LANGUAGE_STANDARD = "gnu++14";
				CLANG_CXX_LIBRARY = "libc++";
				CLANG_ENABLE_MODULES = YES;
				CLANG_ENABLE_OBJC_ARC = YES;
				CLANG_ENABLE_OBJC_WEAK = YES;
				CLANG_WARN_BLOCK_CAPTURE_AUTORELEASING = YES;
				CLANG_WARN_BOOL_CONVERSION = YES;
				CLANG_WARN_COMMA = YES;
				CLANG_WARN_CONSTANT_CONVERSION = YES;
				CLANG_WARN_DEPRECATED_OBJC_IMPLEMENTATIONS = YES;
				CLANG_WARN_DIRECT_OBJC_ISA_USAGE = YES_ERROR;
				CLANG_WARN_DOCUMENTATION_COMMENTS = YES;
				CLANG_WARN_EMPTY_BODY = YES;
				CLANG_WARN_ENUM_CONVERSION = YES;
				CLANG_WARN_INFINITE_RECURSION = YES;
				CLANG_WARN_INT_CONVERSION = YES;
				CLANG_WARN_NON_LITERAL_NULL_CONVERSION = YES;
				CLANG_WARN_OBJC_IMPLICIT_RETAIN_SELF = YES;
				CLANG_WARN_OBJC_LITERAL_CONVERSION = YES;
				CLANG_WARN_OBJC_ROOT_CLASS = YES_ERROR;
				CLANG_WARN_QUOTED_INCLUDE_IN_FRAMEWORK_HEADER = YES;
				CLANG_WARN_RANGE_LOOP_ANALYSIS = YES;
				CLANG_WARN_STRICT_PROTOTYPES = YES;
				CLANG_WARN_SUSPICIOUS_MOVE = YES;
				CLANG_WARN_UNGUARDED_AVAILABILITY = YES_AGGRESSIVE;
				CLANG_WARN_UNREACHABLE_CODE = YES;
				CLANG_WARN__DUPLICATE_METHOD_MATCH = YES;
				COPY_PHASE_STRIP = NO;
				DEBUG_INFORMATION_FORMAT = dwarf;
				ENABLE_STRICT_OBJC_MSGSEND = YES;
				ENABLE_TESTABILITY = YES;
				GCC_C_LANGUAGE_STANDARD = gnu11;
				GCC_DYNAMIC_NO_PIC = NO;
				GCC_NO_COMMON_BLOCKS = YES;
				GCC_OPTIMIZATION_LEVEL = 0;
				GCC_PREPROCESSOR_DEFINITIONS = (
					"DEBUG=1",
					"$(inherited)",
				);
				GCC_WARN_64_TO_32_BIT_CONVERSION = YES;
				GCC_WARN_ABOUT_RETURN_TYPE = YES_ERROR;
				GCC_WARN_UNDECLARED_SELECTOR = YES;
				GCC_WARN_UNINITIALIZED_AUTOS = YES_AGGRESSIVE;
				GCC_WARN_UNUSED_FUNCTION = YES;
				GCC_WARN_UNUSED_VARIABLE = YES;
				IPHONEOS_DEPLOYMENT_TARGET = 14.5;
				MTL_ENABLE_DEBUG_INFO = INCLUDE_SOURCE;
				MTL_FAST_MATH = YES;
				ONLY_ACTIVE_ARCH = YES;
				SDKROOT = iphoneos;
				SWIFT_ACTIVE_COMPILATION_CONDITIONS = DEBUG;
				SWIFT_OPTIMIZATION_LEVEL = "-Onone";
			};
			name = Debug;
		};
		36DBAC5C264C8D6400996156 /* Release */ = {
			isa = XCBuildConfiguration;
			buildSettings = {
				ALWAYS_SEARCH_USER_PATHS = NO;
				CLANG_ANALYZER_NONNULL = YES;
				CLANG_ANALYZER_NUMBER_OBJECT_CONVERSION = YES_AGGRESSIVE;
				CLANG_CXX_LANGUAGE_STANDARD = "gnu++14";
				CLANG_CXX_LIBRARY = "libc++";
				CLANG_ENABLE_MODULES = YES;
				CLANG_ENABLE_OBJC_ARC = YES;
				CLANG_ENABLE_OBJC_WEAK = YES;
				CLANG_WARN_BLOCK_CAPTURE_AUTORELEASING = YES;
				CLANG_WARN_BOOL_CONVERSION = YES;
				CLANG_WARN_COMMA = YES;
				CLANG_WARN_CONSTANT_CONVERSION = YES;
				CLANG_WARN_DEPRECATED_OBJC_IMPLEMENTATIONS = YES;
				CLANG_WARN_DIRECT_OBJC_ISA_USAGE = YES_ERROR;
				CLANG_WARN_DOCUMENTATION_COMMENTS = YES;
				CLANG_WARN_EMPTY_BODY = YES;
				CLANG_WARN_ENUM_CONVERSION = YES;
				CLANG_WARN_INFINITE_RECURSION = YES;
				CLANG_WARN_INT_CONVERSION = YES;
				CLANG_WARN_NON_LITERAL_NULL_CONVERSION = YES;
				CLANG_WARN_OBJC_IMPLICIT_RETAIN_SELF = YES;
				CLANG_WARN_OBJC_LITERAL_CONVERSION = YES;
				CLANG_WARN_OBJC_ROOT_CLASS = YES_ERROR;
				CLANG_WARN_QUOTED_INCLUDE_IN_FRAMEWORK_HEADER = YES;
				CLANG_WARN_RANGE_LOOP_ANALYSIS = YES;
				CLANG_WARN_STRICT_PROTOTYPES = YES;
				CLANG_WARN_SUSPICIOUS_MOVE = YES;
				CLANG_WARN_UNGUARDED_AVAILABILITY = YES_AGGRESSIVE;
				CLANG_WARN_UNREACHABLE_CODE = YES;
				CLANG_WARN__DUPLICATE_METHOD_MATCH = YES;
				COPY_PHASE_STRIP = NO;
				DEBUG_INFORMATION_FORMAT = "dwarf-with-dsym";
				ENABLE_NS_ASSERTIONS = NO;
				ENABLE_STRICT_OBJC_MSGSEND = YES;
				GCC_C_LANGUAGE_STANDARD = gnu11;
				GCC_NO_COMMON_BLOCKS = YES;
				GCC_WARN_64_TO_32_BIT_CONVERSION = YES;
				GCC_WARN_ABOUT_RETURN_TYPE = YES_ERROR;
				GCC_WARN_UNDECLARED_SELECTOR = YES;
				GCC_WARN_UNINITIALIZED_AUTOS = YES_AGGRESSIVE;
				GCC_WARN_UNUSED_FUNCTION = YES;
				GCC_WARN_UNUSED_VARIABLE = YES;
				IPHONEOS_DEPLOYMENT_TARGET = 14.5;
				MTL_ENABLE_DEBUG_INFO = NO;
				MTL_FAST_MATH = YES;
				SDKROOT = iphoneos;
				SWIFT_COMPILATION_MODE = wholemodule;
				SWIFT_OPTIMIZATION_LEVEL = "-O";
				VALIDATE_PRODUCT = YES;
			};
			name = Release;
		};
		36DBAC5E264C8D6400996156 /* Debug */ = {
			isa = XCBuildConfiguration;
			buildSettings = {
				ASSETCATALOG_COMPILER_APPICON_NAME = AppIcon;
				ASSETCATALOG_COMPILER_GLOBAL_ACCENT_COLOR_NAME = AccentColor;
				CODE_SIGN_STYLE = Automatic;
				DEVELOPMENT_ASSET_PATHS = "\"PlatziGameStream/Preview Content\"";
				DEVELOPMENT_TEAM = PR2KB3T2YF;
				ENABLE_PREVIEWS = YES;
				INFOPLIST_FILE = PlatziGameStream/Info.plist;
				IPHONEOS_DEPLOYMENT_TARGET = 14.0;
				LD_RUNPATH_SEARCH_PATHS = (
					"$(inherited)",
					"@executable_path/Frameworks",
				);
				PRODUCT_BUNDLE_IDENTIFIER = com.platziteam.PlatziGameStream;
				PRODUCT_NAME = "$(TARGET_NAME)";
				SWIFT_VERSION = 5.0;
				TARGETED_DEVICE_FAMILY = "1,2";
			};
			name = Debug;
		};
		36DBAC5F264C8D6400996156 /* Release */ = {
			isa = XCBuildConfiguration;
			buildSettings = {
				ASSETCATALOG_COMPILER_APPICON_NAME = AppIcon;
				ASSETCATALOG_COMPILER_GLOBAL_ACCENT_COLOR_NAME = AccentColor;
				CODE_SIGN_STYLE = Automatic;
				DEVELOPMENT_ASSET_PATHS = "\"PlatziGameStream/Preview Content\"";
				DEVELOPMENT_TEAM = PR2KB3T2YF;
				ENABLE_PREVIEWS = YES;
				INFOPLIST_FILE = PlatziGameStream/Info.plist;
				IPHONEOS_DEPLOYMENT_TARGET = 14.0;
				LD_RUNPATH_SEARCH_PATHS = (
					"$(inherited)",
					"@executable_path/Frameworks",
				);
				PRODUCT_BUNDLE_IDENTIFIER = com.platziteam.PlatziGameStream;
				PRODUCT_NAME = "$(TARGET_NAME)";
				SWIFT_VERSION = 5.0;
				TARGETED_DEVICE_FAMILY = "1,2";
			};
			name = Release;
		};
/* End XCBuildConfiguration section */

/* Begin XCConfigurationList section */
		36DBAC49264C8D6300996156 /* Build configuration list for PBXProject "PlatziGameStream" */ = {
			isa = XCConfigurationList;
			buildConfigurations = (
				36DBAC5B264C8D6400996156 /* Debug */,
				36DBAC5C264C8D6400996156 /* Release */,
			);
			defaultConfigurationIsVisible = 0;
			defaultConfigurationName = Release;
		};
		36DBAC5D264C8D6400996156 /* Build configuration list for PBXNativeTarget "PlatziGameStream" */ = {
			isa = XCConfigurationList;
			buildConfigurations = (
				36DBAC5E264C8D6400996156 /* Debug */,
				36DBAC5F264C8D6400996156 /* Release */,
			);
			defaultConfigurationIsVisible = 0;
			defaultConfigurationName = Release;
		};
/* End XCConfigurationList section */

/* Begin XCRemoteSwiftPackageReference section */
		3654A650264E7302002EE640 /* XCRemoteSwiftPackageReference "Kingfisher" */ = {
			isa = XCRemoteSwiftPackageReference;
			repositoryURL = "https://github.com/onevcat/Kingfisher";
			requirement = {
				kind = upToNextMajorVersion;
				minimumVersion = 6.3.0;
			};
		};
/* End XCRemoteSwiftPackageReference section */

/* Begin XCSwiftPackageProductDependency section */
		3654A651264E7302002EE640 /* Kingfisher */ = {
			isa = XCSwiftPackageProductDependency;
			package = 3654A650264E7302002EE640 /* XCRemoteSwiftPackageReference "Kingfisher" */;
			productName = Kingfisher;
		};
/* End XCSwiftPackageProductDependency section */
	};
	rootObject = 36DBAC46264C8D6300996156 /* Project object */;
}
